
Microsoft Visual Studio Solution File, Format Version 12.00
# Visual Studio 2013
VisualStudioVersion = 12.0.30501.0
MinimumVisualStudioVersion = 10.0.40219.1
Project("{FAE04EC0-301F-11D3-BF4B-00C04F79EFBC}") = "UI", "IsRightTriangle\UI.csproj", "{A3A2C8EF-A44B-40E7-BF9F-1B445BFA1481}"
EndProject
Project("{F2A71F9B-5D33-465A-A702-920D77279786}") = "Library", "Library\Library.fsproj", "{B8C6E91A-C1A3-4FA4-B781-08FBD08A7883}"
EndProject
Project("{F2A71F9B-5D33-465A-A702-920D77279786}") = "Tests", "Tests\Tests.fsproj", "{FA28E97E-F686-4C53-890C-F98CD134F9AA}"
EndProject
Global
	GlobalSection(SolutionConfigurationPlatforms) = preSolution
		Debug|Any CPU = Debug|Any CPU
		Release|Any CPU = Release|Any CPU
	EndGlobalSection
	GlobalSection(ProjectConfigurationPlatforms) = postSolution
		{A3A2C8EF-A44B-40E7-BF9F-1B445BFA1481}.Debug|Any CPU.ActiveCfg = Debug|Any CPU
		{A3A2C8EF-A44B-40E7-BF9F-1B445BFA1481}.Debug|Any CPU.Build.0 = Debug|Any CPU
		{A3A2C8EF-A44B-40E7-BF9F-1B445BFA1481}.Release|Any CPU.ActiveCfg = Release|Any CPU
		{A3A2C8EF-A44B-40E7-BF9F-1B445BFA1481}.Release|Any CPU.Build.0 = Release|Any CPU
		{B8C6E91A-C1A3-4FA4-B781-08FBD08A7883}.Debug|Any CPU.ActiveCfg = Debug|Any CPU
		{B8C6E91A-C1A3-4FA4-B781-08FBD08A7883}.Debug|Any CPU.Build.0 = Debug|Any CPU
		{B8C6E91A-C1A3-4FA4-B781-08FBD08A7883}.Release|Any CPU.ActiveCfg = Release|Any CPU
		{B8C6E91A-C1A3-4FA4-B781-08FBD08A7883}.Release|Any CPU.Build.0 = Release|Any CPU
		{FA28E97E-F686-4C53-890C-F98CD134F9AA}.Debug|Any CPU.ActiveCfg = Debug|Any CPU
		{FA28E97E-F686-4C53-890C-F98CD134F9AA}.Debug|Any CPU.Build.0 = Debug|Any CPU
		{FA28E97E-F686-4C53-890C-F98CD134F9AA}.Release|Any CPU.ActiveCfg = Release|Any CPU
		{FA28E97E-F686-4C53-890C-F98CD134F9AA}.Release|Any CPU.Build.0 = Release|Any CPU
	EndGlobalSection
	GlobalSection(SolutionProperties) = preSolution
		HideSolutionNode = FALSE
	EndGlobalSection
EndGlobal
